// !$*UTF8*$!
{
	archiveVersion = 1;
	classes = {
	};
	objectVersion = 56;
	objects = {

/* Begin PBXBuildFile section */
		451D9EB32C929F460046A4C0 /* (null) in Sources */ = {isa = PBXBuildFile; };
		451D9EBB2C92E6640046A4C0 /* SearchTableViewCell.swift in Sources */ = {isa = PBXBuildFile; fileRef = 451D9EBA2C92E6640046A4C0 /* SearchTableViewCell.swift */; };
		45C957F12C817999005ADB63 /* MainSectionHeaderView.swift in Sources */ = {isa = PBXBuildFile; fileRef = 45C957F02C817999005ADB63 /* MainSectionHeaderView.swift */; };
		45C957F62C85D67D005ADB63 /* RxDataSources in Frameworks */ = {isa = PBXBuildFile; productRef = 45C957F52C85D67D005ADB63 /* RxDataSources */; };
		45C957F82C85D6C3005ADB63 /* Differentiator in Frameworks */ = {isa = PBXBuildFile; productRef = 45C957F72C85D6C3005ADB63 /* Differentiator */; };
		45C957FA2C86E84E005ADB63 /* MainViewFirstCell.swift in Sources */ = {isa = PBXBuildFile; fileRef = 45C957F92C86E84E005ADB63 /* MainViewFirstCell.swift */; };
		45C957FC2C86EAF3005ADB63 /* MainViewSecoundCell.swift in Sources */ = {isa = PBXBuildFile; fileRef = 45C957FB2C86EAF3005ADB63 /* MainViewSecoundCell.swift */; };
		45C957FF2C87F8BA005ADB63 /* MainViewController.swift in Sources */ = {isa = PBXBuildFile; fileRef = 45C957FE2C87F8B9005ADB63 /* MainViewController.swift */; };
		45C958012C87FCA8005ADB63 /* SearchViewController.swift in Sources */ = {isa = PBXBuildFile; fileRef = 45C958002C87FCA8005ADB63 /* SearchViewController.swift */; };
		4F18468B2CA1323D00ED5893 /* FavoritesCoreData.xcdatamodeld in Sources */ = {isa = PBXBuildFile; fileRef = 4F1846892CA1323D00ED5893 /* FavoritesCoreData.xcdatamodeld */; };
		4F18468F2CA1350100ED5893 /* SearchView.swift in Sources */ = {isa = PBXBuildFile; fileRef = 4F18468E2CA134F500ED5893 /* SearchView.swift */; };
		4F8D7BBA2C8D5C040062EBD9 /* GraphModel.swift in Sources */ = {isa = PBXBuildFile; fileRef = 4F8D7BB92C8D5C040062EBD9 /* GraphModel.swift */; };
		4F8D7BBC2C8D5C120062EBD9 /* GraphViewModel.swift in Sources */ = {isa = PBXBuildFile; fileRef = 4F8D7BBB2C8D5C120062EBD9 /* GraphViewModel.swift */; };
		4F8D7BC62C8ED7CD0062EBD9 /* ColorExtension.swift in Sources */ = {isa = PBXBuildFile; fileRef = 4F8D7BC52C8ED7CD0062EBD9 /* ColorExtension.swift */; };
		4F8D7BD02C9018320062EBD9 /* Common.swift in Sources */ = {isa = PBXBuildFile; fileRef = 4F8D7BCF2C9018320062EBD9 /* Common.swift */; };
		4FA06E4F2C86D40700F02657 /* GraphViewController.swift in Sources */ = {isa = PBXBuildFile; fileRef = 4FA06E4D2C86D40700F02657 /* GraphViewController.swift */; };
		4FA06E502C86D40700F02657 /* GraphView.swift in Sources */ = {isa = PBXBuildFile; fileRef = 4FA06E4E2C86D40700F02657 /* GraphView.swift */; };
		AF045F9E2CA6A50E007DA874 /* FirebaseAuth in Frameworks */ = {isa = PBXBuildFile; productRef = AF045F9D2CA6A50E007DA874 /* FirebaseAuth */; };
		AF045FA02CA6A50E007DA874 /* FirebaseFirestore in Frameworks */ = {isa = PBXBuildFile; productRef = AF045F9F2CA6A50E007DA874 /* FirebaseFirestore */; };
		AF045FA22CA6A50E007DA874 /* FirebaseMessaging in Frameworks */ = {isa = PBXBuildFile; productRef = AF045FA12CA6A50E007DA874 /* FirebaseMessaging */; };
		AF9BA2882C9BE909002E21D0 /* Favorites+CoreDataProperties.swift in Sources */ = {isa = PBXBuildFile; fileRef = AF9BA2872C9BE909002E21D0 /* Favorites+CoreDataProperties.swift */; };
		AF9BA28A2C9D7252002E21D0 /* AccountVM.swift in Sources */ = {isa = PBXBuildFile; fileRef = AF9BA2892C9D7252002E21D0 /* AccountVM.swift */; };
		AFB433382C8AD1D900642697 /* SearchViewModel.swift in Sources */ = {isa = PBXBuildFile; fileRef = AFB433372C8AD1D900642697 /* SearchViewModel.swift */; };
		AFB4333A2C8DC2C800642697 /* ItemManager.swift in Sources */ = {isa = PBXBuildFile; fileRef = AFB433392C8DC2C800642697 /* ItemManager.swift */; };
		AFB433402C8FA28E00642697 /* LoginViewController.swift in Sources */ = {isa = PBXBuildFile; fileRef = AFB4333F2C8FA28E00642697 /* LoginViewController.swift */; };
		AFD0E9062C800BA800D0C24C /* AppDelegate.swift in Sources */ = {isa = PBXBuildFile; fileRef = AFD0E9052C800BA800D0C24C /* AppDelegate.swift */; };
		AFD0E9082C800BA800D0C24C /* SceneDelegate.swift in Sources */ = {isa = PBXBuildFile; fileRef = AFD0E9072C800BA800D0C24C /* SceneDelegate.swift */; };
		AFD0E90F2C800BA900D0C24C /* Assets.xcassets in Resources */ = {isa = PBXBuildFile; fileRef = AFD0E90E2C800BA900D0C24C /* Assets.xcassets */; };
		AFD0E9122C800BA900D0C24C /* Base in Resources */ = {isa = PBXBuildFile; fileRef = AFD0E9112C800BA900D0C24C /* Base */; };
		AFD0E91B2C800BE600D0C24C /* SnapKit in Frameworks */ = {isa = PBXBuildFile; productRef = AFD0E91A2C800BE600D0C24C /* SnapKit */; };
		AFD0E91E2C800BFC00D0C24C /* RxCocoa in Frameworks */ = {isa = PBXBuildFile; productRef = AFD0E91D2C800BFC00D0C24C /* RxCocoa */; };
		AFD0E9212C800C2300D0C24C /* DGCharts in Frameworks */ = {isa = PBXBuildFile; productRef = AFD0E9202C800C2300D0C24C /* DGCharts */; };
		AFD0E9232C800D6F00D0C24C /* GoogleService-Info.plist in Resources */ = {isa = PBXBuildFile; fileRef = AFD0E9222C800D6F00D0C24C /* GoogleService-Info.plist */; };
		AFD0E92D2C800EFC00D0C24C /* RxKakaoSDK in Frameworks */ = {isa = PBXBuildFile; productRef = AFD0E92C2C800EFC00D0C24C /* RxKakaoSDK */; };
		AFD0E92F2C800EFC00D0C24C /* RxKakaoSDKAuth in Frameworks */ = {isa = PBXBuildFile; productRef = AFD0E92E2C800EFC00D0C24C /* RxKakaoSDKAuth */; };
		AFD0E9362C80127C00D0C24C /* MainViewModel.swift in Sources */ = {isa = PBXBuildFile; fileRef = AFD0E9352C80127C00D0C24C /* MainViewModel.swift */; };
		AFD0E93A2C8012C100D0C24C /* MainModel.swift in Sources */ = {isa = PBXBuildFile; fileRef = AFD0E9392C8012C100D0C24C /* MainModel.swift */; };
		AFD0E93C2C8012EE00D0C24C /* EndPoint.swift in Sources */ = {isa = PBXBuildFile; fileRef = AFD0E93B2C8012EE00D0C24C /* EndPoint.swift */; };
		AFD0E9412C86E2E200D0C24C /* EetworkManager.swift in Sources */ = {isa = PBXBuildFile; fileRef = AFD0E9402C86E2E200D0C24C /* EetworkManager.swift */; };
		C234BD632C80465C0074C822 /* SettingView.swift in Sources */ = {isa = PBXBuildFile; fileRef = C234BD622C80465C0074C822 /* SettingView.swift */; };
		C234BD652C8046680074C822 /* SettingController.swift in Sources */ = {isa = PBXBuildFile; fileRef = C234BD642C8046680074C822 /* SettingController.swift */; };
		C23845172C942AAD0084ECD0 /* PeopleView.swift in Sources */ = {isa = PBXBuildFile; fileRef = C23845162C942AAD0084ECD0 /* PeopleView.swift */; };
		C23845192C942ABB0084ECD0 /* PeopleController.swift in Sources */ = {isa = PBXBuildFile; fileRef = C23845182C942ABB0084ECD0 /* PeopleController.swift */; };
		C24E5F672C85AB2C008DC4D6 /* FavoritesView.swift in Sources */ = {isa = PBXBuildFile; fileRef = C24E5F662C85AB2C008DC4D6 /* FavoritesView.swift */; };
		C24E5F692C85AB36008DC4D6 /* FavoritesController.swift in Sources */ = {isa = PBXBuildFile; fileRef = C24E5F682C85AB36008DC4D6 /* FavoritesController.swift */; };
		C24E5F6C2C85AB48008DC4D6 /* FavoritesViewModel.swift in Sources */ = {isa = PBXBuildFile; fileRef = C24E5F6B2C85AB48008DC4D6 /* FavoritesViewModel.swift */; };
		C24E5F712C85B8A3008DC4D6 /* FavoritesModel.swift in Sources */ = {isa = PBXBuildFile; fileRef = C24E5F702C85B8A3008DC4D6 /* FavoritesModel.swift */; };
		C24E5F752C86DB0F008DC4D6 /* SwipeableCollectionViewCell.swift in Sources */ = {isa = PBXBuildFile; fileRef = C24E5F742C86DB0F008DC4D6 /* SwipeableCollectionViewCell.swift */; };
		C24E5F772C88012A008DC4D6 /* TabbarController.swift in Sources */ = {isa = PBXBuildFile; fileRef = C24E5F762C88012A008DC4D6 /* TabbarController.swift */; };
		C24E5F792C89706F008DC4D6 /* ConfirmationViewController.swift in Sources */ = {isa = PBXBuildFile; fileRef = C24E5F782C89706F008DC4D6 /* ConfirmationViewController.swift */; };
		C2B71B8E2C9BDCBA001DCDD2 /* PeopleCell.swift in Sources */ = {isa = PBXBuildFile; fileRef = C2B71B8D2C9BDCBA001DCDD2 /* PeopleCell.swift */; };
		C2B71B9D2C9C6725001DCDD2 /* PriceFilterViewController.swift in Sources */ = {isa = PBXBuildFile; fileRef = C2B71B9C2C9C6725001DCDD2 /* PriceFilterViewController.swift */; };
		C2B71B9F2C9C6AA7001DCDD2 /* HalfModalPresentationController.swift in Sources */ = {isa = PBXBuildFile; fileRef = C2B71B9E2C9C6AA7001DCDD2 /* HalfModalPresentationController.swift */; };
		C2D7DA892C805B8C009C8652 /* SettingCell.swift in Sources */ = {isa = PBXBuildFile; fileRef = C2D7DA882C805B8B009C8652 /* SettingCell.swift */; };
		C2D7DA8C2C8060BB009C8652 /* SettingViewModel.swift in Sources */ = {isa = PBXBuildFile; fileRef = C2D7DA8B2C8060BB009C8652 /* SettingViewModel.swift */; };
		C2D7DA8F2C806BE5009C8652 /* SettingModel.swift in Sources */ = {isa = PBXBuildFile; fileRef = C2D7DA8E2C806BE5009C8652 /* SettingModel.swift */; };
		C2E807922CA1119100267703 /* (null) in Sources */ = {isa = PBXBuildFile; };
		C2EC7C2C2C8DD36800A19FE9 /* Favorites+CoreDataClass.swift in Sources */ = {isa = PBXBuildFile; fileRef = C2EC7C2A2C8DD36800A19FE9 /* Favorites+CoreDataClass.swift */; };
		C2EC7C2D2C8DD36800A19FE9 /* Favorites+CoreDataProperties.swift in Sources */ = {isa = PBXBuildFile; fileRef = C2EC7C2B2C8DD36800A19FE9 /* Favorites+CoreDataProperties.swift */; };
		C2EC7C2F2C8DDBE500A19FE9 /* CoreDataManager.swift in Sources */ = {isa = PBXBuildFile; fileRef = C2EC7C2E2C8DDBE500A19FE9 /* CoreDataManager.swift */; };
/* End PBXBuildFile section */

/* Begin PBXFileReference section */
		451D9EBA2C92E6640046A4C0 /* SearchTableViewCell.swift */ = {isa = PBXFileReference; lastKnownFileType = sourcecode.swift; path = SearchTableViewCell.swift; sourceTree = "<group>"; };
		45C957F02C817999005ADB63 /* MainSectionHeaderView.swift */ = {isa = PBXFileReference; lastKnownFileType = sourcecode.swift; path = MainSectionHeaderView.swift; sourceTree = "<group>"; };
		45C957F92C86E84E005ADB63 /* MainViewFirstCell.swift */ = {isa = PBXFileReference; lastKnownFileType = sourcecode.swift; path = MainViewFirstCell.swift; sourceTree = "<group>"; };
		45C957FB2C86EAF3005ADB63 /* MainViewSecoundCell.swift */ = {isa = PBXFileReference; lastKnownFileType = sourcecode.swift; path = MainViewSecoundCell.swift; sourceTree = "<group>"; };
		45C957FE2C87F8B9005ADB63 /* MainViewController.swift */ = {isa = PBXFileReference; fileEncoding = 4; lastKnownFileType = sourcecode.swift; path = MainViewController.swift; sourceTree = "<group>"; };
		45C958002C87FCA8005ADB63 /* SearchViewController.swift */ = {isa = PBXFileReference; lastKnownFileType = sourcecode.swift; path = SearchViewController.swift; sourceTree = "<group>"; };
		4F18468A2CA1323D00ED5893 /* FavoritesCoreData.xcdatamodel */ = {isa = PBXFileReference; lastKnownFileType = wrapper.xcdatamodel; path = FavoritesCoreData.xcdatamodel; sourceTree = "<group>"; };
		4F18468E2CA134F500ED5893 /* SearchView.swift */ = {isa = PBXFileReference; lastKnownFileType = sourcecode.swift; path = SearchView.swift; sourceTree = "<group>"; };
		4F8D7BB92C8D5C040062EBD9 /* GraphModel.swift */ = {isa = PBXFileReference; lastKnownFileType = sourcecode.swift; path = GraphModel.swift; sourceTree = "<group>"; };
		4F8D7BBB2C8D5C120062EBD9 /* GraphViewModel.swift */ = {isa = PBXFileReference; lastKnownFileType = sourcecode.swift; path = GraphViewModel.swift; sourceTree = "<group>"; };
		4F8D7BC52C8ED7CD0062EBD9 /* ColorExtension.swift */ = {isa = PBXFileReference; lastKnownFileType = sourcecode.swift; path = ColorExtension.swift; sourceTree = "<group>"; };
		4F8D7BCF2C9018320062EBD9 /* Common.swift */ = {isa = PBXFileReference; lastKnownFileType = sourcecode.swift; path = Common.swift; sourceTree = "<group>"; };
		4FA06E4D2C86D40700F02657 /* GraphViewController.swift */ = {isa = PBXFileReference; fileEncoding = 4; lastKnownFileType = sourcecode.swift; path = GraphViewController.swift; sourceTree = "<group>"; };
		4FA06E4E2C86D40700F02657 /* GraphView.swift */ = {isa = PBXFileReference; fileEncoding = 4; lastKnownFileType = sourcecode.swift; path = GraphView.swift; sourceTree = "<group>"; };
		AF9BA2872C9BE909002E21D0 /* Favorites+CoreDataProperties.swift */ = {isa = PBXFileReference; fileEncoding = 4; lastKnownFileType = sourcecode.swift; path = "Favorites+CoreDataProperties.swift"; sourceTree = "<group>"; };
		AF9BA2892C9D7252002E21D0 /* AccountVM.swift */ = {isa = PBXFileReference; lastKnownFileType = sourcecode.swift; path = AccountVM.swift; sourceTree = "<group>"; };
		AFB433372C8AD1D900642697 /* SearchViewModel.swift */ = {isa = PBXFileReference; lastKnownFileType = sourcecode.swift; path = SearchViewModel.swift; sourceTree = "<group>"; };
		AFB433392C8DC2C800642697 /* ItemManager.swift */ = {isa = PBXFileReference; lastKnownFileType = sourcecode.swift; path = ItemManager.swift; sourceTree = "<group>"; };
		AFB4333F2C8FA28E00642697 /* LoginViewController.swift */ = {isa = PBXFileReference; lastKnownFileType = sourcecode.swift; path = LoginViewController.swift; sourceTree = "<group>"; };
		AFB433432C91C04500642697 /* u_no.entitlements */ = {isa = PBXFileReference; lastKnownFileType = text.plist.entitlements; path = u_no.entitlements; sourceTree = "<group>"; };
		AFD0E9022C800BA800D0C24C /* u_no.app */ = {isa = PBXFileReference; explicitFileType = wrapper.application; includeInIndex = 0; path = u_no.app; sourceTree = BUILT_PRODUCTS_DIR; };
		AFD0E9052C800BA800D0C24C /* AppDelegate.swift */ = {isa = PBXFileReference; lastKnownFileType = sourcecode.swift; path = AppDelegate.swift; sourceTree = "<group>"; };
		AFD0E9072C800BA800D0C24C /* SceneDelegate.swift */ = {isa = PBXFileReference; lastKnownFileType = sourcecode.swift; path = SceneDelegate.swift; sourceTree = "<group>"; };
		AFD0E90E2C800BA900D0C24C /* Assets.xcassets */ = {isa = PBXFileReference; lastKnownFileType = folder.assetcatalog; path = Assets.xcassets; sourceTree = "<group>"; };
		AFD0E9112C800BA900D0C24C /* Base */ = {isa = PBXFileReference; lastKnownFileType = file.storyboard; name = Base; path = Base.lproj/LaunchScreen.storyboard; sourceTree = "<group>"; };
		AFD0E9132C800BA900D0C24C /* Info.plist */ = {isa = PBXFileReference; lastKnownFileType = text.plist.xml; path = Info.plist; sourceTree = "<group>"; };
		AFD0E9222C800D6F00D0C24C /* GoogleService-Info.plist */ = {isa = PBXFileReference; fileEncoding = 4; lastKnownFileType = text.plist.xml; path = "GoogleService-Info.plist"; sourceTree = "<group>"; };
		AFD0E9352C80127C00D0C24C /* MainViewModel.swift */ = {isa = PBXFileReference; lastKnownFileType = sourcecode.swift; path = MainViewModel.swift; sourceTree = "<group>"; };
		AFD0E9392C8012C100D0C24C /* MainModel.swift */ = {isa = PBXFileReference; lastKnownFileType = sourcecode.swift; path = MainModel.swift; sourceTree = "<group>"; };
		AFD0E93B2C8012EE00D0C24C /* EndPoint.swift */ = {isa = PBXFileReference; lastKnownFileType = sourcecode.swift; path = EndPoint.swift; sourceTree = "<group>"; };
		AFD0E9402C86E2E200D0C24C /* EetworkManager.swift */ = {isa = PBXFileReference; lastKnownFileType = sourcecode.swift; path = EetworkManager.swift; sourceTree = "<group>"; };
		C234BD622C80465C0074C822 /* SettingView.swift */ = {isa = PBXFileReference; lastKnownFileType = sourcecode.swift; path = SettingView.swift; sourceTree = "<group>"; };
		C234BD642C8046680074C822 /* SettingController.swift */ = {isa = PBXFileReference; lastKnownFileType = sourcecode.swift; path = SettingController.swift; sourceTree = "<group>"; };
		C23845162C942AAD0084ECD0 /* PeopleView.swift */ = {isa = PBXFileReference; lastKnownFileType = sourcecode.swift; path = PeopleView.swift; sourceTree = "<group>"; };
		C23845182C942ABB0084ECD0 /* PeopleController.swift */ = {isa = PBXFileReference; lastKnownFileType = sourcecode.swift; path = PeopleController.swift; sourceTree = "<group>"; };
		C24E5F662C85AB2C008DC4D6 /* FavoritesView.swift */ = {isa = PBXFileReference; lastKnownFileType = sourcecode.swift; path = FavoritesView.swift; sourceTree = "<group>"; };
		C24E5F682C85AB36008DC4D6 /* FavoritesController.swift */ = {isa = PBXFileReference; lastKnownFileType = sourcecode.swift; path = FavoritesController.swift; sourceTree = "<group>"; };
		C24E5F6B2C85AB48008DC4D6 /* FavoritesViewModel.swift */ = {isa = PBXFileReference; lastKnownFileType = sourcecode.swift; path = FavoritesViewModel.swift; sourceTree = "<group>"; };
		C24E5F702C85B8A3008DC4D6 /* FavoritesModel.swift */ = {isa = PBXFileReference; lastKnownFileType = sourcecode.swift; path = FavoritesModel.swift; sourceTree = "<group>"; };
		C24E5F742C86DB0F008DC4D6 /* SwipeableCollectionViewCell.swift */ = {isa = PBXFileReference; lastKnownFileType = sourcecode.swift; path = SwipeableCollectionViewCell.swift; sourceTree = "<group>"; };
		C24E5F762C88012A008DC4D6 /* TabbarController.swift */ = {isa = PBXFileReference; lastKnownFileType = sourcecode.swift; path = TabbarController.swift; sourceTree = "<group>"; };
		C24E5F782C89706F008DC4D6 /* ConfirmationViewController.swift */ = {isa = PBXFileReference; lastKnownFileType = sourcecode.swift; path = ConfirmationViewController.swift; sourceTree = "<group>"; };
		C2B71B8D2C9BDCBA001DCDD2 /* PeopleCell.swift */ = {isa = PBXFileReference; lastKnownFileType = sourcecode.swift; path = PeopleCell.swift; sourceTree = "<group>"; };
		C2B71B9C2C9C6725001DCDD2 /* PriceFilterViewController.swift */ = {isa = PBXFileReference; lastKnownFileType = sourcecode.swift; path = PriceFilterViewController.swift; sourceTree = "<group>"; };
		C2B71B9E2C9C6AA7001DCDD2 /* HalfModalPresentationController.swift */ = {isa = PBXFileReference; lastKnownFileType = sourcecode.swift; path = HalfModalPresentationController.swift; sourceTree = "<group>"; };
		C2D7DA882C805B8B009C8652 /* SettingCell.swift */ = {isa = PBXFileReference; lastKnownFileType = sourcecode.swift; path = SettingCell.swift; sourceTree = "<group>"; };
		C2D7DA8B2C8060BB009C8652 /* SettingViewModel.swift */ = {isa = PBXFileReference; lastKnownFileType = sourcecode.swift; path = SettingViewModel.swift; sourceTree = "<group>"; };
		C2D7DA8E2C806BE5009C8652 /* SettingModel.swift */ = {isa = PBXFileReference; lastKnownFileType = sourcecode.swift; path = SettingModel.swift; sourceTree = "<group>"; };
		C2EC7C2A2C8DD36800A19FE9 /* Favorites+CoreDataClass.swift */ = {isa = PBXFileReference; lastKnownFileType = sourcecode.swift; path = "Favorites+CoreDataClass.swift"; sourceTree = "<group>"; };
		C2EC7C2B2C8DD36800A19FE9 /* Favorites+CoreDataProperties.swift */ = {isa = PBXFileReference; lastKnownFileType = sourcecode.swift; path = "Favorites+CoreDataProperties.swift"; sourceTree = "<group>"; };
		C2EC7C2E2C8DDBE500A19FE9 /* CoreDataManager.swift */ = {isa = PBXFileReference; lastKnownFileType = sourcecode.swift; path = CoreDataManager.swift; sourceTree = "<group>"; };
/* End PBXFileReference section */

/* Begin PBXFrameworksBuildPhase section */
		AFD0E8FF2C800BA800D0C24C /* Frameworks */ = {
			isa = PBXFrameworksBuildPhase;
			buildActionMask = 2147483647;
			files = (
				AFD0E92D2C800EFC00D0C24C /* RxKakaoSDK in Frameworks */,
				AFD0E91E2C800BFC00D0C24C /* RxCocoa in Frameworks */,
				AF045FA22CA6A50E007DA874 /* FirebaseMessaging in Frameworks */,
				AFD0E92F2C800EFC00D0C24C /* RxKakaoSDKAuth in Frameworks */,
				AFD0E9212C800C2300D0C24C /* DGCharts in Frameworks */,
				45C957F82C85D6C3005ADB63 /* Differentiator in Frameworks */,
				AF045FA02CA6A50E007DA874 /* FirebaseFirestore in Frameworks */,
				45C957F62C85D67D005ADB63 /* RxDataSources in Frameworks */,
				AFD0E91B2C800BE600D0C24C /* SnapKit in Frameworks */,
				AF045F9E2CA6A50E007DA874 /* FirebaseAuth in Frameworks */,
			);
			runOnlyForDeploymentPostprocessing = 0;
		};
/* End PBXFrameworksBuildPhase section */

/* Begin PBXGroup section */
		AFB433312C89A2AC00642697 /* Main */ = {
			isa = PBXGroup;
			children = (
				AFD0E9352C80127C00D0C24C /* MainViewModel.swift */,
				45C957FE2C87F8B9005ADB63 /* MainViewController.swift */,
				45C957F02C817999005ADB63 /* MainSectionHeaderView.swift */,
				45C957F92C86E84E005ADB63 /* MainViewFirstCell.swift */,
				45C957FB2C86EAF3005ADB63 /* MainViewSecoundCell.swift */,
				AFD0E9392C8012C100D0C24C /* MainModel.swift */,
				C2B71B9C2C9C6725001DCDD2 /* PriceFilterViewController.swift */,
				C2B71B9E2C9C6AA7001DCDD2 /* HalfModalPresentationController.swift */,
			);
			path = Main;
			sourceTree = "<group>";
		};
		AFB433342C89A3D900642697 /* Graph */ = {
			isa = PBXGroup;
			children = (
				4FA06E4E2C86D40700F02657 /* GraphView.swift */,
				4FA06E4D2C86D40700F02657 /* GraphViewController.swift */,
				4F8D7BB92C8D5C040062EBD9 /* GraphModel.swift */,
				4F8D7BBB2C8D5C120062EBD9 /* GraphViewModel.swift */,
			);
			path = Graph;
			sourceTree = "<group>";
		};
		AFB433362C8AD1C300642697 /* Search */ = {
			isa = PBXGroup;
			children = (
				45C958002C87FCA8005ADB63 /* SearchViewController.swift */,
				AFB433372C8AD1D900642697 /* SearchViewModel.swift */,
				4F18468E2CA134F500ED5893 /* SearchView.swift */,
				AFB433392C8DC2C800642697 /* ItemManager.swift */,
				451D9EBA2C92E6640046A4C0 /* SearchTableViewCell.swift */,
			);
			path = Search;
			sourceTree = "<group>";
		};
		AFB4333E2C8FA27700642697 /* Account */ = {
			isa = PBXGroup;
			children = (
				AFB4333F2C8FA28E00642697 /* LoginViewController.swift */,
				AF9BA2892C9D7252002E21D0 /* AccountVM.swift */,
			);
			path = Account;
			sourceTree = "<group>";
		};
		AFD0E8F92C800BA800D0C24C = {
			isa = PBXGroup;
			children = (
				AFB4333E2C8FA27700642697 /* Account */,
				C2EC7C2A2C8DD36800A19FE9 /* Favorites+CoreDataClass.swift */,
				C2EC7C2B2C8DD36800A19FE9 /* Favorites+CoreDataProperties.swift */,
				AF9BA2872C9BE909002E21D0 /* Favorites+CoreDataProperties.swift */,
				4F1846892CA1323D00ED5893 /* FavoritesCoreData.xcdatamodeld */,
				C2EC7C2E2C8DDBE500A19FE9 /* CoreDataManager.swift */,
				AFD0E9042C800BA800D0C24C /* u_no */,
				AFD0E9032C800BA800D0C24C /* Products */,
			);
			sourceTree = "<group>";
		};
		AFD0E9032C800BA800D0C24C /* Products */ = {
			isa = PBXGroup;
			children = (
				AFD0E9022C800BA800D0C24C /* u_no.app */,
			);
			name = Products;
			sourceTree = "<group>";
		};
		AFD0E9042C800BA800D0C24C /* u_no */ = {
			isa = PBXGroup;
			children = (
				AFB433432C91C04500642697 /* u_no.entitlements */,
				AFB433362C8AD1C300642697 /* Search */,
				AFB433342C89A3D900642697 /* Graph */,
				C2D7DA8A2C8060A5009C8652 /* Setting */,
				AFB433312C89A2AC00642697 /* Main */,
				C24E5F6A2C85AB3C008DC4D6 /* Favorites */,
				AFD0E9342C80126100D0C24C /* Common */,
				AFD0E9302C8011FC00D0C24C /* Config */,
				AFD0E9102C800BA900D0C24C /* LaunchScreen.storyboard */,
				AFD0E9132C800BA900D0C24C /* Info.plist */,
			);
			path = u_no;
			sourceTree = "<group>";
		};
		AFD0E9302C8011FC00D0C24C /* Config */ = {
			isa = PBXGroup;
			children = (
				C24E5F762C88012A008DC4D6 /* TabbarController.swift */,
				AFD0E90E2C800BA900D0C24C /* Assets.xcassets */,
				AFD0E9052C800BA800D0C24C /* AppDelegate.swift */,
				AFD0E9072C800BA800D0C24C /* SceneDelegate.swift */,
				AFD0E9222C800D6F00D0C24C /* GoogleService-Info.plist */,
			);
			path = Config;
			sourceTree = "<group>";
		};
		AFD0E9342C80126100D0C24C /* Common */ = {
			isa = PBXGroup;
			children = (
				AFD0E93B2C8012EE00D0C24C /* EndPoint.swift */,
				AFD0E9402C86E2E200D0C24C /* EetworkManager.swift */,
				4F8D7BC52C8ED7CD0062EBD9 /* ColorExtension.swift */,
				4F8D7BCF2C9018320062EBD9 /* Common.swift */,
			);
			path = Common;
			sourceTree = "<group>";
		};
		C24E5F6A2C85AB3C008DC4D6 /* Favorites */ = {
			isa = PBXGroup;
			children = (
				C24E5F742C86DB0F008DC4D6 /* SwipeableCollectionViewCell.swift */,
				C24E5F702C85B8A3008DC4D6 /* FavoritesModel.swift */,
				C24E5F662C85AB2C008DC4D6 /* FavoritesView.swift */,
				C24E5F682C85AB36008DC4D6 /* FavoritesController.swift */,
				C24E5F6B2C85AB48008DC4D6 /* FavoritesViewModel.swift */,
			);
			path = Favorites;
			sourceTree = "<group>";
		};
		C2B71B8C2C9AF6CC001DCDD2 /* People */ = {
			isa = PBXGroup;
			children = (
				C23845182C942ABB0084ECD0 /* PeopleController.swift */,
				C23845162C942AAD0084ECD0 /* PeopleView.swift */,
				C2B71B8D2C9BDCBA001DCDD2 /* PeopleCell.swift */,
			);
			path = People;
			sourceTree = "<group>";
		};
		C2D7DA8A2C8060A5009C8652 /* Setting */ = {
			isa = PBXGroup;
			children = (
				C2D7DA882C805B8B009C8652 /* SettingCell.swift */,
				C234BD622C80465C0074C822 /* SettingView.swift */,
				C234BD642C8046680074C822 /* SettingController.swift */,
				C2D7DA8E2C806BE5009C8652 /* SettingModel.swift */,
				C2D7DA8B2C8060BB009C8652 /* SettingViewModel.swift */,
				C24E5F782C89706F008DC4D6 /* ConfirmationViewController.swift */,
				C2B71B8C2C9AF6CC001DCDD2 /* People */,
			);
			path = Setting;
			sourceTree = "<group>";
		};
/* End PBXGroup section */

/* Begin PBXNativeTarget section */
		AFD0E9012C800BA800D0C24C /* u_no */ = {
			isa = PBXNativeTarget;
			buildConfigurationList = AFD0E9162C800BA900D0C24C /* Build configuration list for PBXNativeTarget "u_no" */;
			buildPhases = (
				AFD0E8FE2C800BA800D0C24C /* Sources */,
				AFD0E8FF2C800BA800D0C24C /* Frameworks */,
				AFD0E9002C800BA800D0C24C /* Resources */,
			);
			buildRules = (
			);
			dependencies = (
			);
			name = u_no;
			packageProductDependencies = (
				AFD0E91A2C800BE600D0C24C /* SnapKit */,
				AFD0E91D2C800BFC00D0C24C /* RxCocoa */,
				AFD0E9202C800C2300D0C24C /* DGCharts */,
				AFD0E92C2C800EFC00D0C24C /* RxKakaoSDK */,
				AFD0E92E2C800EFC00D0C24C /* RxKakaoSDKAuth */,
				45C957F52C85D67D005ADB63 /* RxDataSources */,
				45C957F72C85D6C3005ADB63 /* Differentiator */,
				AF045F9D2CA6A50E007DA874 /* FirebaseAuth */,
				AF045F9F2CA6A50E007DA874 /* FirebaseFirestore */,
				AF045FA12CA6A50E007DA874 /* FirebaseMessaging */,
			);
			productName = u_no;
			productReference = AFD0E9022C800BA800D0C24C /* u_no.app */;
			productType = "com.apple.product-type.application";
		};
/* End PBXNativeTarget section */

/* Begin PBXProject section */
		AFD0E8FA2C800BA800D0C24C /* Project object */ = {
			isa = PBXProject;
			attributes = {
				BuildIndependentTargetsInParallel = 1;
				LastSwiftUpdateCheck = 1540;
				LastUpgradeCheck = 1540;
				TargetAttributes = {
					AFD0E9012C800BA800D0C24C = {
						CreatedOnToolsVersion = 15.4;
					};
				};
			};
			buildConfigurationList = AFD0E8FD2C800BA800D0C24C /* Build configuration list for PBXProject "u_no" */;
			compatibilityVersion = "Xcode 14.0";
			developmentRegion = en;
			hasScannedForEncodings = 0;
			knownRegions = (
				en,
				Base,
			);
			mainGroup = AFD0E8F92C800BA800D0C24C;
			packageReferences = (
				AFD0E9192C800BE600D0C24C /* XCRemoteSwiftPackageReference "SnapKit" */,
				AFD0E91C2C800BFC00D0C24C /* XCRemoteSwiftPackageReference "RxSwift" */,
				AFD0E91F2C800C2300D0C24C /* XCRemoteSwiftPackageReference "Charts" */,
				AFD0E92B2C800EFC00D0C24C /* XCRemoteSwiftPackageReference "kakao-ios-sdk-rx" */,
				45C957F42C85D67C005ADB63 /* XCRemoteSwiftPackageReference "RxDataSources" */,
				AF045F9C2CA6A50E007DA874 /* XCRemoteSwiftPackageReference "firebase-ios-sdk" */,
			);
			productRefGroup = AFD0E9032C800BA800D0C24C /* Products */;
			projectDirPath = "";
			projectRoot = "";
			targets = (
				AFD0E9012C800BA800D0C24C /* u_no */,
			);
		};
/* End PBXProject section */

/* Begin PBXResourcesBuildPhase section */
		AFD0E9002C800BA800D0C24C /* Resources */ = {
			isa = PBXResourcesBuildPhase;
			buildActionMask = 2147483647;
			files = (
				AFD0E90F2C800BA900D0C24C /* Assets.xcassets in Resources */,
				AFD0E9122C800BA900D0C24C /* Base in Resources */,
				AFD0E9232C800D6F00D0C24C /* GoogleService-Info.plist in Resources */,
			);
			runOnlyForDeploymentPostprocessing = 0;
		};
/* End PBXResourcesBuildPhase section */

/* Begin PBXSourcesBuildPhase section */
		AFD0E8FE2C800BA800D0C24C /* Sources */ = {
			isa = PBXSourcesBuildPhase;
			buildActionMask = 2147483647;
			files = (
				C24E5F712C85B8A3008DC4D6 /* FavoritesModel.swift in Sources */,
				C24E5F6C2C85AB48008DC4D6 /* FavoritesViewModel.swift in Sources */,
				C234BD652C8046680074C822 /* SettingController.swift in Sources */,
				451D9EB32C929F460046A4C0 /* (null) in Sources */,
				C2B71B9F2C9C6AA7001DCDD2 /* HalfModalPresentationController.swift in Sources */,
				C24E5F772C88012A008DC4D6 /* TabbarController.swift in Sources */,
				C24E5F672C85AB2C008DC4D6 /* FavoritesView.swift in Sources */,
				AF9BA28A2C9D7252002E21D0 /* AccountVM.swift in Sources */,
				AFD0E9062C800BA800D0C24C /* AppDelegate.swift in Sources */,
				C2EC7C2C2C8DD36800A19FE9 /* Favorites+CoreDataClass.swift in Sources */,
				AF9BA2882C9BE909002E21D0 /* Favorites+CoreDataProperties.swift in Sources */,
				C2EC7C2D2C8DD36800A19FE9 /* Favorites+CoreDataProperties.swift in Sources */,
				45C957F12C817999005ADB63 /* MainSectionHeaderView.swift in Sources */,
				45C958012C87FCA8005ADB63 /* SearchViewController.swift in Sources */,
				4F8D7BBA2C8D5C040062EBD9 /* GraphModel.swift in Sources */,
				4F8D7BBC2C8D5C120062EBD9 /* GraphViewModel.swift in Sources */,
				4F8D7BD02C9018320062EBD9 /* Common.swift in Sources */,
				AFD0E9412C86E2E200D0C24C /* EetworkManager.swift in Sources */,
				AFD0E93A2C8012C100D0C24C /* MainModel.swift in Sources */,
				C2E807922CA1119100267703 /* (null) in Sources */,
				AFD0E9082C800BA800D0C24C /* SceneDelegate.swift in Sources */,
				AFD0E9362C80127C00D0C24C /* MainViewModel.swift in Sources */,
				AFB4333A2C8DC2C800642697 /* ItemManager.swift in Sources */,
				C23845192C942ABB0084ECD0 /* PeopleController.swift in Sources */,
				C234BD632C80465C0074C822 /* SettingView.swift in Sources */,
				4FA06E4F2C86D40700F02657 /* GraphViewController.swift in Sources */,
				AFD0E93C2C8012EE00D0C24C /* EndPoint.swift in Sources */,
				C2EC7C2F2C8DDBE500A19FE9 /* CoreDataManager.swift in Sources */,
				4FA06E502C86D40700F02657 /* GraphView.swift in Sources */,
				C23845172C942AAD0084ECD0 /* PeopleView.swift in Sources */,
				4F8D7BC62C8ED7CD0062EBD9 /* ColorExtension.swift in Sources */,
				C2D7DA8F2C806BE5009C8652 /* SettingModel.swift in Sources */,
				C2D7DA8C2C8060BB009C8652 /* SettingViewModel.swift in Sources */,
				451D9EBB2C92E6640046A4C0 /* SearchTableViewCell.swift in Sources */,
				AFB433382C8AD1D900642697 /* SearchViewModel.swift in Sources */,
				C24E5F692C85AB36008DC4D6 /* FavoritesController.swift in Sources */,
				C24E5F752C86DB0F008DC4D6 /* SwipeableCollectionViewCell.swift in Sources */,
				4F18468F2CA1350100ED5893 /* SearchView.swift in Sources */,
				45C957FA2C86E84E005ADB63 /* MainViewFirstCell.swift in Sources */,
				45C957FF2C87F8BA005ADB63 /* MainViewController.swift in Sources */,
				AFB433402C8FA28E00642697 /* LoginViewController.swift in Sources */,
				45C957FC2C86EAF3005ADB63 /* MainViewSecoundCell.swift in Sources */,
				C24E5F792C89706F008DC4D6 /* ConfirmationViewController.swift in Sources */,
				C2D7DA892C805B8C009C8652 /* SettingCell.swift in Sources */,
				C2B71B9D2C9C6725001DCDD2 /* PriceFilterViewController.swift in Sources */,
				4F18468B2CA1323D00ED5893 /* FavoritesCoreData.xcdatamodeld in Sources */,
				C2B71B8E2C9BDCBA001DCDD2 /* PeopleCell.swift in Sources */,
			);
			runOnlyForDeploymentPostprocessing = 0;
		};
/* End PBXSourcesBuildPhase section */

/* Begin PBXVariantGroup section */
		AFD0E9102C800BA900D0C24C /* LaunchScreen.storyboard */ = {
			isa = PBXVariantGroup;
			children = (
				AFD0E9112C800BA900D0C24C /* Base */,
			);
			name = LaunchScreen.storyboard;
			sourceTree = "<group>";
		};
/* End PBXVariantGroup section */

/* Begin XCBuildConfiguration section */
		AFD0E9142C800BA900D0C24C /* Debug */ = {
			isa = XCBuildConfiguration;
			buildSettings = {
				ALWAYS_SEARCH_USER_PATHS = NO;
				ASSETCATALOG_COMPILER_GENERATE_SWIFT_ASSET_SYMBOL_EXTENSIONS = YES;
				CLANG_ANALYZER_NONNULL = YES;
				CLANG_ANALYZER_NUMBER_OBJECT_CONVERSION = YES_AGGRESSIVE;
				CLANG_CXX_LANGUAGE_STANDARD = "gnu++20";
				CLANG_ENABLE_MODULES = YES;
				CLANG_ENABLE_OBJC_ARC = YES;
				CLANG_ENABLE_OBJC_WEAK = YES;
				CLANG_WARN_BLOCK_CAPTURE_AUTORELEASING = YES;
				CLANG_WARN_BOOL_CONVERSION = YES;
				CLANG_WARN_COMMA = YES;
				CLANG_WARN_CONSTANT_CONVERSION = YES;
				CLANG_WARN_DEPRECATED_OBJC_IMPLEMENTATIONS = YES;
				CLANG_WARN_DIRECT_OBJC_ISA_USAGE = YES_ERROR;
				CLANG_WARN_DOCUMENTATION_COMMENTS = YES;
				CLANG_WARN_EMPTY_BODY = YES;
				CLANG_WARN_ENUM_CONVERSION = YES;
				CLANG_WARN_INFINITE_RECURSION = YES;
				CLANG_WARN_INT_CONVERSION = YES;
				CLANG_WARN_NON_LITERAL_NULL_CONVERSION = YES;
				CLANG_WARN_OBJC_IMPLICIT_RETAIN_SELF = YES;
				CLANG_WARN_OBJC_LITERAL_CONVERSION = YES;
				CLANG_WARN_OBJC_ROOT_CLASS = YES_ERROR;
				CLANG_WARN_QUOTED_INCLUDE_IN_FRAMEWORK_HEADER = YES;
				CLANG_WARN_RANGE_LOOP_ANALYSIS = YES;
				CLANG_WARN_STRICT_PROTOTYPES = YES;
				CLANG_WARN_SUSPICIOUS_MOVE = YES;
				CLANG_WARN_UNGUARDED_AVAILABILITY = YES_AGGRESSIVE;
				CLANG_WARN_UNREACHABLE_CODE = YES;
				CLANG_WARN__DUPLICATE_METHOD_MATCH = YES;
				COPY_PHASE_STRIP = NO;
				DEBUG_INFORMATION_FORMAT = dwarf;
				ENABLE_STRICT_OBJC_MSGSEND = YES;
				ENABLE_TESTABILITY = YES;
				ENABLE_USER_SCRIPT_SANDBOXING = YES;
				GCC_C_LANGUAGE_STANDARD = gnu17;
				GCC_DYNAMIC_NO_PIC = NO;
				GCC_NO_COMMON_BLOCKS = YES;
				GCC_OPTIMIZATION_LEVEL = 0;
				GCC_PREPROCESSOR_DEFINITIONS = (
					"DEBUG=1",
					"$(inherited)",
				);
				GCC_WARN_64_TO_32_BIT_CONVERSION = YES;
				GCC_WARN_ABOUT_RETURN_TYPE = YES_ERROR;
				GCC_WARN_UNDECLARED_SELECTOR = YES;
				GCC_WARN_UNINITIALIZED_AUTOS = YES_AGGRESSIVE;
				GCC_WARN_UNUSED_FUNCTION = YES;
				GCC_WARN_UNUSED_VARIABLE = YES;
				IPHONEOS_DEPLOYMENT_TARGET = 17.5;
				LOCALIZATION_PREFERS_STRING_CATALOGS = YES;
				MTL_ENABLE_DEBUG_INFO = INCLUDE_SOURCE;
				MTL_FAST_MATH = YES;
				ONLY_ACTIVE_ARCH = YES;
				SDKROOT = iphoneos;
				SWIFT_ACTIVE_COMPILATION_CONDITIONS = "DEBUG $(inherited)";
				SWIFT_OPTIMIZATION_LEVEL = "-Onone";
			};
			name = Debug;
		};
		AFD0E9152C800BA900D0C24C /* Release */ = {
			isa = XCBuildConfiguration;
			buildSettings = {
				ALWAYS_SEARCH_USER_PATHS = NO;
				ASSETCATALOG_COMPILER_GENERATE_SWIFT_ASSET_SYMBOL_EXTENSIONS = YES;
				CLANG_ANALYZER_NONNULL = YES;
				CLANG_ANALYZER_NUMBER_OBJECT_CONVERSION = YES_AGGRESSIVE;
				CLANG_CXX_LANGUAGE_STANDARD = "gnu++20";
				CLANG_ENABLE_MODULES = YES;
				CLANG_ENABLE_OBJC_ARC = YES;
				CLANG_ENABLE_OBJC_WEAK = YES;
				CLANG_WARN_BLOCK_CAPTURE_AUTORELEASING = YES;
				CLANG_WARN_BOOL_CONVERSION = YES;
				CLANG_WARN_COMMA = YES;
				CLANG_WARN_CONSTANT_CONVERSION = YES;
				CLANG_WARN_DEPRECATED_OBJC_IMPLEMENTATIONS = YES;
				CLANG_WARN_DIRECT_OBJC_ISA_USAGE = YES_ERROR;
				CLANG_WARN_DOCUMENTATION_COMMENTS = YES;
				CLANG_WARN_EMPTY_BODY = YES;
				CLANG_WARN_ENUM_CONVERSION = YES;
				CLANG_WARN_INFINITE_RECURSION = YES;
				CLANG_WARN_INT_CONVERSION = YES;
				CLANG_WARN_NON_LITERAL_NULL_CONVERSION = YES;
				CLANG_WARN_OBJC_IMPLICIT_RETAIN_SELF = YES;
				CLANG_WARN_OBJC_LITERAL_CONVERSION = YES;
				CLANG_WARN_OBJC_ROOT_CLASS = YES_ERROR;
				CLANG_WARN_QUOTED_INCLUDE_IN_FRAMEWORK_HEADER = YES;
				CLANG_WARN_RANGE_LOOP_ANALYSIS = YES;
				CLANG_WARN_STRICT_PROTOTYPES = YES;
				CLANG_WARN_SUSPICIOUS_MOVE = YES;
				CLANG_WARN_UNGUARDED_AVAILABILITY = YES_AGGRESSIVE;
				CLANG_WARN_UNREACHABLE_CODE = YES;
				CLANG_WARN__DUPLICATE_METHOD_MATCH = YES;
				COPY_PHASE_STRIP = NO;
				DEBUG_INFORMATION_FORMAT = "dwarf-with-dsym";
				ENABLE_NS_ASSERTIONS = NO;
				ENABLE_STRICT_OBJC_MSGSEND = YES;
				ENABLE_USER_SCRIPT_SANDBOXING = YES;
				GCC_C_LANGUAGE_STANDARD = gnu17;
				GCC_NO_COMMON_BLOCKS = YES;
				GCC_WARN_64_TO_32_BIT_CONVERSION = YES;
				GCC_WARN_ABOUT_RETURN_TYPE = YES_ERROR;
				GCC_WARN_UNDECLARED_SELECTOR = YES;
				GCC_WARN_UNINITIALIZED_AUTOS = YES_AGGRESSIVE;
				GCC_WARN_UNUSED_FUNCTION = YES;
				GCC_WARN_UNUSED_VARIABLE = YES;
				IPHONEOS_DEPLOYMENT_TARGET = 17.5;
				LOCALIZATION_PREFERS_STRING_CATALOGS = YES;
				MTL_ENABLE_DEBUG_INFO = NO;
				MTL_FAST_MATH = YES;
				SDKROOT = iphoneos;
				SWIFT_COMPILATION_MODE = wholemodule;
				VALIDATE_PRODUCT = YES;
			};
			name = Release;
		};
		AFD0E9172C800BA900D0C24C /* Debug */ = {
			isa = XCBuildConfiguration;
			buildSettings = {
				ASSETCATALOG_COMPILER_APPICON_NAME = AppIcon;
				ASSETCATALOG_COMPILER_GLOBAL_ACCENT_COLOR_NAME = AccentColor;
				CODE_SIGN_ENTITLEMENTS = u_no/u_no.entitlements;
				CODE_SIGN_IDENTITY = "Apple Development";
				CODE_SIGN_STYLE = Automatic;
				CURRENT_PROJECT_VERSION = 1;
				DEVELOPMENT_TEAM = 4DWV94Z6J6;
				GENERATE_INFOPLIST_FILE = YES;
				INFOPLIST_FILE = u_no/Info.plist;
				INFOPLIST_KEY_CFBundleDisplayName = "알고싶어?";
				INFOPLIST_KEY_UIApplicationSupportsIndirectInputEvents = YES;
				INFOPLIST_KEY_UILaunchStoryboardName = LaunchScreen;
				INFOPLIST_KEY_UISupportedInterfaceOrientations_iPad = "UIInterfaceOrientationPortrait UIInterfaceOrientationPortraitUpsideDown UIInterfaceOrientationLandscapeLeft UIInterfaceOrientationLandscapeRight";
				INFOPLIST_KEY_UISupportedInterfaceOrientations_iPhone = "UIInterfaceOrientationPortrait UIInterfaceOrientationLandscapeLeft UIInterfaceOrientationLandscapeRight";
				IPHONEOS_DEPLOYMENT_TARGET = 16.0;
				LD_RUNPATH_SEARCH_PATHS = (
					"$(inherited)",
					"@executable_path/Frameworks",
				);
				MARKETING_VERSION = 1.2;
				PRODUCT_BUNDLE_IDENTIFIER = "you-know.u-no";
				PRODUCT_NAME = "$(TARGET_NAME)";
				PROVISIONING_PROFILE_SPECIFIER = "";
				SUPPORTED_PLATFORMS = "iphoneos iphonesimulator";
				SUPPORTS_MACCATALYST = NO;
				SUPPORTS_MAC_DESIGNED_FOR_IPHONE_IPAD = NO;
				SUPPORTS_XR_DESIGNED_FOR_IPHONE_IPAD = NO;
				SWIFT_EMIT_LOC_STRINGS = YES;
				SWIFT_VERSION = 5.0;
				TARGETED_DEVICE_FAMILY = 1;
			};
			name = Debug;
		};
		AFD0E9182C800BA900D0C24C /* Release */ = {
			isa = XCBuildConfiguration;
			buildSettings = {
				ASSETCATALOG_COMPILER_APPICON_NAME = AppIcon;
				ASSETCATALOG_COMPILER_GLOBAL_ACCENT_COLOR_NAME = AccentColor;
				CODE_SIGN_ENTITLEMENTS = u_no/u_no.entitlements;
				CODE_SIGN_IDENTITY = "Apple Development";
				CODE_SIGN_STYLE = Automatic;
				CURRENT_PROJECT_VERSION = 1;
				DEVELOPMENT_TEAM = 4DWV94Z6J6;
				GENERATE_INFOPLIST_FILE = YES;
				INFOPLIST_FILE = u_no/Info.plist;
				INFOPLIST_KEY_CFBundleDisplayName = "알고싶어?";
				INFOPLIST_KEY_UIApplicationSupportsIndirectInputEvents = YES;
				INFOPLIST_KEY_UILaunchStoryboardName = LaunchScreen;
				INFOPLIST_KEY_UISupportedInterfaceOrientations_iPad = "UIInterfaceOrientationPortrait UIInterfaceOrientationPortraitUpsideDown UIInterfaceOrientationLandscapeLeft UIInterfaceOrientationLandscapeRight";
				INFOPLIST_KEY_UISupportedInterfaceOrientations_iPhone = "UIInterfaceOrientationPortrait UIInterfaceOrientationLandscapeLeft UIInterfaceOrientationLandscapeRight";
				IPHONEOS_DEPLOYMENT_TARGET = 16.0;
				LD_RUNPATH_SEARCH_PATHS = (
					"$(inherited)",
					"@executable_path/Frameworks",
				);
				MARKETING_VERSION = 1.2;
				PRODUCT_BUNDLE_IDENTIFIER = "you-know.u-no";
				PRODUCT_NAME = "$(TARGET_NAME)";
				PROVISIONING_PROFILE_SPECIFIER = "";
				SUPPORTED_PLATFORMS = "iphoneos iphonesimulator";
				SUPPORTS_MACCATALYST = NO;
				SUPPORTS_MAC_DESIGNED_FOR_IPHONE_IPAD = NO;
				SUPPORTS_XR_DESIGNED_FOR_IPHONE_IPAD = NO;
				SWIFT_EMIT_LOC_STRINGS = YES;
				SWIFT_VERSION = 5.0;
				TARGETED_DEVICE_FAMILY = 1;
			};
			name = Release;
		};
/* End XCBuildConfiguration section */

/* Begin XCConfigurationList section */
		AFD0E8FD2C800BA800D0C24C /* Build configuration list for PBXProject "u_no" */ = {
			isa = XCConfigurationList;
			buildConfigurations = (
				AFD0E9142C800BA900D0C24C /* Debug */,
				AFD0E9152C800BA900D0C24C /* Release */,
			);
			defaultConfigurationIsVisible = 0;
			defaultConfigurationName = Release;
		};
		AFD0E9162C800BA900D0C24C /* Build configuration list for PBXNativeTarget "u_no" */ = {
			isa = XCConfigurationList;
			buildConfigurations = (
				AFD0E9172C800BA900D0C24C /* Debug */,
				AFD0E9182C800BA900D0C24C /* Release */,
			);
			defaultConfigurationIsVisible = 0;
			defaultConfigurationName = Release;
		};
/* End XCConfigurationList section */

/* Begin XCRemoteSwiftPackageReference section */
		45C957F42C85D67C005ADB63 /* XCRemoteSwiftPackageReference "RxDataSources" */ = {
			isa = XCRemoteSwiftPackageReference;
			repositoryURL = "https://github.com/RxSwiftCommunity/RxDataSources.git";
			requirement = {
				kind = upToNextMajorVersion;
				minimumVersion = 5.0.2;
			};
		};
		AF045F9C2CA6A50E007DA874 /* XCRemoteSwiftPackageReference "firebase-ios-sdk" */ = {
			isa = XCRemoteSwiftPackageReference;
			repositoryURL = "https://github.com/firebase/firebase-ios-sdk";
			requirement = {
				kind = upToNextMajorVersion;
				minimumVersion = 11.2.0;
			};
		};
		AFD0E9192C800BE600D0C24C /* XCRemoteSwiftPackageReference "SnapKit" */ = {
			isa = XCRemoteSwiftPackageReference;
			repositoryURL = "https://github.com/SnapKit/SnapKit";
			requirement = {
				kind = upToNextMajorVersion;
				minimumVersion = 5.7.1;
			};
		};
		AFD0E91C2C800BFC00D0C24C /* XCRemoteSwiftPackageReference "RxSwift" */ = {
			isa = XCRemoteSwiftPackageReference;
			repositoryURL = "https://github.com/ReactiveX/RxSwift";
			requirement = {
				kind = upToNextMajorVersion;
				minimumVersion = 6.7.1;
			};
		};
		AFD0E91F2C800C2300D0C24C /* XCRemoteSwiftPackageReference "Charts" */ = {
			isa = XCRemoteSwiftPackageReference;
			repositoryURL = "https://github.com/ChartsOrg/Charts.git";
			requirement = {
				kind = upToNextMajorVersion;
				minimumVersion = 5.1.0;
			};
		};
		AFD0E92B2C800EFC00D0C24C /* XCRemoteSwiftPackageReference "kakao-ios-sdk-rx" */ = {
			isa = XCRemoteSwiftPackageReference;
			repositoryURL = "https://github.com/kakao/kakao-ios-sdk-rx.git";
			requirement = {
				kind = upToNextMajorVersion;
				minimumVersion = 2.22.6;
			};
		};
/* End XCRemoteSwiftPackageReference section */

/* Begin XCSwiftPackageProductDependency section */
		45C957F52C85D67D005ADB63 /* RxDataSources */ = {
			isa = XCSwiftPackageProductDependency;
			package = 45C957F42C85D67C005ADB63 /* XCRemoteSwiftPackageReference "RxDataSources" */;
			productName = RxDataSources;
		};
		45C957F72C85D6C3005ADB63 /* Differentiator */ = {
			isa = XCSwiftPackageProductDependency;
			package = 45C957F42C85D67C005ADB63 /* XCRemoteSwiftPackageReference "RxDataSources" */;
			productName = Differentiator;
		};
		AF045F9D2CA6A50E007DA874 /* FirebaseAuth */ = {
			isa = XCSwiftPackageProductDependency;
			package = AF045F9C2CA6A50E007DA874 /* XCRemoteSwiftPackageReference "firebase-ios-sdk" */;
			productName = FirebaseAuth;
		};
		AF045F9F2CA6A50E007DA874 /* FirebaseFirestore */ = {
			isa = XCSwiftPackageProductDependency;
			package = AF045F9C2CA6A50E007DA874 /* XCRemoteSwiftPackageReference "firebase-ios-sdk" */;
			productName = FirebaseFirestore;
		};
		AF045FA12CA6A50E007DA874 /* FirebaseMessaging */ = {
			isa = XCSwiftPackageProductDependency;
			package = AF045F9C2CA6A50E007DA874 /* XCRemoteSwiftPackageReference "firebase-ios-sdk" */;
			productName = FirebaseMessaging;
		};
		AFD0E91A2C800BE600D0C24C /* SnapKit */ = {
			isa = XCSwiftPackageProductDependency;
			package = AFD0E9192C800BE600D0C24C /* XCRemoteSwiftPackageReference "SnapKit" */;
			productName = SnapKit;
		};
		AFD0E91D2C800BFC00D0C24C /* RxCocoa */ = {
			isa = XCSwiftPackageProductDependency;
			package = AFD0E91C2C800BFC00D0C24C /* XCRemoteSwiftPackageReference "RxSwift" */;
			productName = RxCocoa;
		};
		AFD0E9202C800C2300D0C24C /* DGCharts */ = {
			isa = XCSwiftPackageProductDependency;
			package = AFD0E91F2C800C2300D0C24C /* XCRemoteSwiftPackageReference "Charts" */;
			productName = DGCharts;
		};
		AFD0E92C2C800EFC00D0C24C /* RxKakaoSDK */ = {
			isa = XCSwiftPackageProductDependency;
			package = AFD0E92B2C800EFC00D0C24C /* XCRemoteSwiftPackageReference "kakao-ios-sdk-rx" */;
			productName = RxKakaoSDK;
		};
		AFD0E92E2C800EFC00D0C24C /* RxKakaoSDKAuth */ = {
			isa = XCSwiftPackageProductDependency;
			package = AFD0E92B2C800EFC00D0C24C /* XCRemoteSwiftPackageReference "kakao-ios-sdk-rx" */;
			productName = RxKakaoSDKAuth;
		};
/* End XCSwiftPackageProductDependency section */

/* Begin XCVersionGroup section */
		4F1846892CA1323D00ED5893 /* FavoritesCoreData.xcdatamodeld */ = {
			isa = XCVersionGroup;
			children = (
				4F18468A2CA1323D00ED5893 /* FavoritesCoreData.xcdatamodel */,
			);
			currentVersion = 4F18468A2CA1323D00ED5893 /* FavoritesCoreData.xcdatamodel */;
			path = FavoritesCoreData.xcdatamodeld;
			sourceTree = "<group>";
			versionGroupType = wrapper.xcdatamodel;
		};
/* End XCVersionGroup section */
	};
	rootObject = AFD0E8FA2C800BA800D0C24C /* Project object */;
}
